
Microsoft Visual Studio Solution File, Format Version 12.00
# Visual Studio Version 16
VisualStudioVersion = 16.0.30523.141
MinimumVisualStudioVersion = 10.0.40219.1
Project("{8BC9CEB8-8B4A-11D0-8D11-00A0C91BC942}") = "1005", "1005.vcxproj", "{6982FF53-43D5-4F37-8868-DFDF893C74FC}"
EndProject
Global
	GlobalSection(SolutionConfigurationPlatforms) = preSolution
		Debug|x64 = Debug|x64
		Debug|x86 = Debug|x86
		Release|x64 = Release|x64
		Release|x86 = Release|x86
	EndGlobalSection
	GlobalSection(ProjectConfigurationPlatforms) = postSolution
		{6982FF53-43D5-4F37-8868-DFDF893C74FC}.Debug|x64.ActiveCfg = Debug|x64
		{6982FF53-43D5-4F37-8868-DFDF893C74FC}.Debug|x64.Build.0 = Debug|x64
		{6982FF53-43D5-4F37-8868-DFDF893C74FC}.Debug|x86.ActiveCfg = Debug|Win32
		{6982FF53-43D5-4F37-8868-DFDF893C74FC}.Debug|x86.Build.0 = Debug|Win32
		{6982FF53-43D5-4F37-8868-DFDF893C74FC}.Release|x64.ActiveCfg = Release|x64
		{6982FF53-43D5-4F37-8868-DFDF893C74FC}.Release|x64.Build.0 = Release|x64
		{6982FF53-43D5-4F37-8868-DFDF893C74FC}.Release|x86.ActiveCfg = Release|Win32
		{6982FF53-43D5-4F37-8868-DFDF893C74FC}.Release|x86.Build.0 = Release|Win32
	EndGlobalSection
	GlobalSection(SolutionProperties) = preSolution
		HideSolutionNode = FALSE
	EndGlobalSection
	GlobalSection(ExtensibilityGlobals) = postSolution
		SolutionGuid = {0B143907-A4DC-4739-92F2-2B88C93437E8}
	EndGlobalSection
EndGlobal
